
Microsoft Visual Studio Solution File, Format Version 12.00
# Visual Studio Version 16
VisualStudioVersion = 16.0.33920.266
MinimumVisualStudioVersion = 10.0.40219.1
Project("{FAE04EC0-301F-11D3-BF4B-00C04F79EFBC}") = "CSharp Assignment", "CSharp Assignment\CSharp Assignment.csproj", "{B2CFF589-C57E-4CD8-9135-8737482B2C61}"
EndProject
Global
	GlobalSection(SolutionConfigurationPlatforms) = preSolution
		Debug|Any CPU = Debug|Any CPU
		Release|Any CPU = Release|Any CPU
	EndGlobalSection
	GlobalSection(ProjectConfigurationPlatforms) = postSolution
		{B2CFF589-C57E-4CD8-9135-8737482B2C61}.Debug|Any CPU.ActiveCfg = Debug|Any CPU
		{B2CFF589-C57E-4CD8-9135-8737482B2C61}.Debug|Any CPU.Build.0 = Debug|Any CPU
		{B2CFF589-C57E-4CD8-9135-8737482B2C61}.Release|Any CPU.ActiveCfg = Release|Any CPU
		{B2CFF589-C57E-4CD8-9135-8737482B2C61}.Release|Any CPU.Build.0 = Release|Any CPU
	EndGlobalSection
	GlobalSection(SolutionProperties) = preSolution
		HideSolutionNode = FALSE
	EndGlobalSection
	GlobalSection(ExtensibilityGlobals) = postSolution
		SolutionGuid = {83869CF9-1F18-4B35-861C-B17AA111816C}
	EndGlobalSection
EndGlobal
